
Microsoft Visual Studio Solution File, Format Version 12.00
# Visual Studio Version 17
VisualStudioVersion = 17.5.002.0
MinimumVisualStudioVersion = 10.0.40219.1
Project("{2150E333-8FDC-42A3-9474-1A3956D46DE8}") = "packages", "packages", "{5924D8F1-1EA3-4855-8E9D-812943C88217}"
EndProject
Project("{2150E333-8FDC-42A3-9474-1A3956D46DE8}") = "csharp", "csharp", "{8420ED11-5C0D-4F81-B967-A4A1E3DE74DC}"
EndProject
Project("{9A19103F-16F7-4668-BE54-9A1E7A4F7556}") = "CSharpFunction", "packages\csharp\CSharpFunction\CSharpFunction.csproj", "{7216BCF0-CCC8-4623-9C36-125BD84AF592}"
EndProject
Project("{2150E333-8FDC-42A3-9474-1A3956D46DE8}") = "node_modules", "node_modules", "{85E2D547-A44F-48CF-9682-A6D38A542238}"
EndProject
Project("{2150E333-8FDC-42A3-9474-1A3956D46DE8}") = ".pnpm", ".pnpm", "{E01E60DC-EDE5-4170-9772-3E95E40C7716}"
EndProject
Project("{2150E333-8FDC-42A3-9474-1A3956D46DE8}") = "sst@2.41.4_@aws-sdk+credential-provider-node@3.552.0", "sst@2.41.4_@aws-sdk+credential-provider-node@3.552.0", "{0AAC7837-D3F5-491B-87FE-589D2EEF7666}"
EndProject
Project("{2150E333-8FDC-42A3-9474-1A3956D46DE8}") = "node_modules", "node_modules", "{DCFF270F-F77D-4491-9DE6-7EB7EA7978FB}"
EndProject
Project("{2150E333-8FDC-42A3-9474-1A3956D46DE8}") = "sst", "sst", "{6805D17A-1E9B-4C19-9521-EDF1EFD01342}"
EndProject
Project("{2150E333-8FDC-42A3-9474-1A3956D46DE8}") = "support", "support", "{998D5391-0DEE-4DA6-8FA1-28431DE486A8}"
EndProject
Project("{9A19103F-16F7-4668-BE54-9A1E7A4F7556}") = "dotnet-bootstrap", "node_modules\.pnpm\sst@2.41.4_@aws-sdk+credential-provider-node@3.552.0\node_modules\sst\support\dotnet31-bootstrap\dotnet-bootstrap.csproj", "{2ED02784-7E52-48FF-929B-420F093C7AC9}"
EndProject
Project("{9A19103F-16F7-4668-BE54-9A1E7A4F7556}") = "dotnet-bootstrap (1)", "node_modules\.pnpm\sst@2.41.4_@aws-sdk+credential-provider-node@3.552.0\node_modules\sst\support\dotnet6-bootstrap\dotnet-bootstrap.csproj", "{A639E81F-3C79-404C-AD73-B8E832E5654B}"
EndProject
Project("{2150E333-8FDC-42A3-9474-1A3956D46DE8}") = "sst-aws-cdk@2.132.1", "sst-aws-cdk@2.132.1", "{B1439521-2A39-4FE2-BB8E-7C5749618338}"
EndProject
Project("{2150E333-8FDC-42A3-9474-1A3956D46DE8}") = "node_modules", "node_modules", "{41C58534-C624-48E5-8EFB-AA15D3ECD62E}"
EndProject
Project("{2150E333-8FDC-42A3-9474-1A3956D46DE8}") = "sst-aws-cdk", "sst-aws-cdk", "{6F0A3959-9634-4AFE-BE93-DEAD7DA6CA9C}"
EndProject
Project("{2150E333-8FDC-42A3-9474-1A3956D46DE8}") = "lib", "lib", "{F09B6F46-CE15-4BEA-8015-84BB61EC8497}"
EndProject
Project("{2150E333-8FDC-42A3-9474-1A3956D46DE8}") = "init-templates", "init-templates", "{5C34C7CC-FA86-4008-927C-84C2037F9B7C}"
EndProject
Project("{2150E333-8FDC-42A3-9474-1A3956D46DE8}") = "app", "app", "{37A79EFE-D647-47AA-8B44-235965B151ED}"
EndProject
Project("{2150E333-8FDC-42A3-9474-1A3956D46DE8}") = "csharp", "csharp", "{3148C41B-5703-4C3C-A758-12C47503617C}"
EndProject
Project("{2150E333-8FDC-42A3-9474-1A3956D46DE8}") = "src", "src", "{1D930354-3DA6-4DCD-8412-25D19E3E3A44}"
EndProject
Project("{9A19103F-16F7-4668-BE54-9A1E7A4F7556}") = "%name.PascalCased%.template", "node_modules\.pnpm\sst-aws-cdk@2.132.1\node_modules\sst-aws-cdk\lib\init-templates\app\csharp\src\%name.PascalCased%\%name.PascalCased%.template.csproj", "{782694B5-89F5-42F6-86CB-D1D7A9116D4A}"
EndProject
Project("{2150E333-8FDC-42A3-9474-1A3956D46DE8}") = "sample-app", "sample-app", "{14B272EF-300E-44FD-ACD3-C8A65DC1C780}"
EndProject
Project("{2150E333-8FDC-42A3-9474-1A3956D46DE8}") = "csharp", "csharp", "{2E2A6E0A-223D-401B-B4B9-D60B0372357D}"
EndProject
Project("{2150E333-8FDC-42A3-9474-1A3956D46DE8}") = "src", "src", "{0D2B80DB-C891-468D-8575-5FE3AC05C3B8}"
EndProject
Project("{9A19103F-16F7-4668-BE54-9A1E7A4F7556}") = "%name.PascalCased%.template", "node_modules\.pnpm\sst-aws-cdk@2.132.1\node_modules\sst-aws-cdk\lib\init-templates\sample-app\csharp\src\%name.PascalCased%\%name.PascalCased%.template.csproj", "{29C8A740-62F5-4922-9251-EC36527ECA53}"
EndProject
Global
	GlobalSection(SolutionConfigurationPlatforms) = preSolution
		Debug|Any CPU = Debug|Any CPU
		Release|Any CPU = Release|Any CPU
	EndGlobalSection
	GlobalSection(ProjectConfigurationPlatforms) = postSolution
		{7216BCF0-CCC8-4623-9C36-125BD84AF592}.Debug|Any CPU.ActiveCfg = Debug|Any CPU
		{7216BCF0-CCC8-4623-9C36-125BD84AF592}.Debug|Any CPU.Build.0 = Debug|Any CPU
		{7216BCF0-CCC8-4623-9C36-125BD84AF592}.Release|Any CPU.ActiveCfg = Release|Any CPU
		{7216BCF0-CCC8-4623-9C36-125BD84AF592}.Release|Any CPU.Build.0 = Release|Any CPU
		{2ED02784-7E52-48FF-929B-420F093C7AC9}.Debug|Any CPU.ActiveCfg = Debug|Any CPU
		{2ED02784-7E52-48FF-929B-420F093C7AC9}.Debug|Any CPU.Build.0 = Debug|Any CPU
		{2ED02784-7E52-48FF-929B-420F093C7AC9}.Release|Any CPU.ActiveCfg = Release|Any CPU
		{2ED02784-7E52-48FF-929B-420F093C7AC9}.Release|Any CPU.Build.0 = Release|Any CPU
		{A639E81F-3C79-404C-AD73-B8E832E5654B}.Debug|Any CPU.ActiveCfg = Debug|Any CPU
		{A639E81F-3C79-404C-AD73-B8E832E5654B}.Debug|Any CPU.Build.0 = Debug|Any CPU
		{A639E81F-3C79-404C-AD73-B8E832E5654B}.Release|Any CPU.ActiveCfg = Release|Any CPU
		{A639E81F-3C79-404C-AD73-B8E832E5654B}.Release|Any CPU.Build.0 = Release|Any CPU
		{782694B5-89F5-42F6-86CB-D1D7A9116D4A}.Debug|Any CPU.ActiveCfg = Debug|Any CPU
		{782694B5-89F5-42F6-86CB-D1D7A9116D4A}.Debug|Any CPU.Build.0 = Debug|Any CPU
		{782694B5-89F5-42F6-86CB-D1D7A9116D4A}.Release|Any CPU.ActiveCfg = Release|Any CPU
		{782694B5-89F5-42F6-86CB-D1D7A9116D4A}.Release|Any CPU.Build.0 = Release|Any CPU
		{29C8A740-62F5-4922-9251-EC36527ECA53}.Debug|Any CPU.ActiveCfg = Debug|Any CPU
		{29C8A740-62F5-4922-9251-EC36527ECA53}.Debug|Any CPU.Build.0 = Debug|Any CPU
		{29C8A740-62F5-4922-9251-EC36527ECA53}.Release|Any CPU.ActiveCfg = Release|Any CPU
		{29C8A740-62F5-4922-9251-EC36527ECA53}.Release|Any CPU.Build.0 = Release|Any CPU
	EndGlobalSection
	GlobalSection(SolutionProperties) = preSolution
		HideSolutionNode = FALSE
	EndGlobalSection
	GlobalSection(NestedProjects) = preSolution
		{8420ED11-5C0D-4F81-B967-A4A1E3DE74DC} = {5924D8F1-1EA3-4855-8E9D-812943C88217}
		{7216BCF0-CCC8-4623-9C36-125BD84AF592} = {8420ED11-5C0D-4F81-B967-A4A1E3DE74DC}
		{E01E60DC-EDE5-4170-9772-3E95E40C7716} = {85E2D547-A44F-48CF-9682-A6D38A542238}
		{0AAC7837-D3F5-491B-87FE-589D2EEF7666} = {E01E60DC-EDE5-4170-9772-3E95E40C7716}
		{DCFF270F-F77D-4491-9DE6-7EB7EA7978FB} = {0AAC7837-D3F5-491B-87FE-589D2EEF7666}
		{6805D17A-1E9B-4C19-9521-EDF1EFD01342} = {DCFF270F-F77D-4491-9DE6-7EB7EA7978FB}
		{998D5391-0DEE-4DA6-8FA1-28431DE486A8} = {6805D17A-1E9B-4C19-9521-EDF1EFD01342}
		{2ED02784-7E52-48FF-929B-420F093C7AC9} = {998D5391-0DEE-4DA6-8FA1-28431DE486A8}
		{A639E81F-3C79-404C-AD73-B8E832E5654B} = {998D5391-0DEE-4DA6-8FA1-28431DE486A8}
		{B1439521-2A39-4FE2-BB8E-7C5749618338} = {E01E60DC-EDE5-4170-9772-3E95E40C7716}
		{41C58534-C624-48E5-8EFB-AA15D3ECD62E} = {B1439521-2A39-4FE2-BB8E-7C5749618338}
		{6F0A3959-9634-4AFE-BE93-DEAD7DA6CA9C} = {41C58534-C624-48E5-8EFB-AA15D3ECD62E}
		{F09B6F46-CE15-4BEA-8015-84BB61EC8497} = {6F0A3959-9634-4AFE-BE93-DEAD7DA6CA9C}
		{5C34C7CC-FA86-4008-927C-84C2037F9B7C} = {F09B6F46-CE15-4BEA-8015-84BB61EC8497}
		{37A79EFE-D647-47AA-8B44-235965B151ED} = {5C34C7CC-FA86-4008-927C-84C2037F9B7C}
		{3148C41B-5703-4C3C-A758-12C47503617C} = {37A79EFE-D647-47AA-8B44-235965B151ED}
		{1D930354-3DA6-4DCD-8412-25D19E3E3A44} = {3148C41B-5703-4C3C-A758-12C47503617C}
		{782694B5-89F5-42F6-86CB-D1D7A9116D4A} = {1D930354-3DA6-4DCD-8412-25D19E3E3A44}
		{14B272EF-300E-44FD-ACD3-C8A65DC1C780} = {5C34C7CC-FA86-4008-927C-84C2037F9B7C}
		{2E2A6E0A-223D-401B-B4B9-D60B0372357D} = {14B272EF-300E-44FD-ACD3-C8A65DC1C780}
		{0D2B80DB-C891-468D-8575-5FE3AC05C3B8} = {2E2A6E0A-223D-401B-B4B9-D60B0372357D}
		{29C8A740-62F5-4922-9251-EC36527ECA53} = {0D2B80DB-C891-468D-8575-5FE3AC05C3B8}
	EndGlobalSection
	GlobalSection(ExtensibilityGlobals) = postSolution
		SolutionGuid = {D0F36900-8F57-45FA-9799-E23369A60D06}
	EndGlobalSection
EndGlobal
